Activating profile: /srv/conda/etc/profile.d/conda.sh
Activating profile: /srv/conda/etc/profile.d/mamba.sh
# This file may be used to create an environment using:
# $ conda create --name <env> --file <this file>
# platform: linux-64
# created-by: conda 24.11.0
@EXPLICIT
https://conda.anaconda.org/conda-forge/linux-64/_libgcc_mutex-0.1-conda_forge.tar.bz2
https://conda.anaconda.org/conda-forge/linux-64/ca-certificates-2024.7.4-hbcca054_0.conda
https://conda.anaconda.org/conda-forge/linux-64/ld_impl_linux-64-2.40-hf3520f5_7.conda
https://conda.anaconda.org/conda-forge/linux-64/python_abi-3.12-5_cp312.conda
https://conda.anaconda.org/conda-forge/noarch/tzdata-2024a-h8827d51_1.conda
https://conda.anaconda.org/conda-forge/linux-64/libgomp-14.1.0-h77fa898_1.conda
https://conda.anaconda.org/conda-forge/linux-64/_openmp_mutex-4.5-2_gnu.tar.bz2
https://conda.anaconda.org/conda-forge/linux-64/libgcc-14.1.0-h77fa898_1.conda
https://conda.anaconda.org/conda-forge/linux-64/aws-c-common-0.10.6-hb9d3cd8_0.conda
https://conda.anaconda.org/conda-forge/linux-64/c-ares-1.34.4-hb9d3cd8_0.conda
https://conda.anaconda.org/conda-forge/linux-64/json-c-0.18-h6688a6e_0.conda
https://conda.anaconda.org/conda-forge/linux-64/libbrotlicommon-1.1.0-hb9d3cd8_2.conda
https://conda.anaconda.org/conda-forge/linux-64/libdeflate-1.23-h4ddbbb0_0.conda
https://conda.anaconda.org/conda-forge/linux-64/libexpat-2.6.4-h5888daf_0.conda
https://conda.anaconda.org/conda-forge/linux-64/libgcc-ng-14.1.0-h69a702a_1.conda
https://conda.anaconda.org/conda-forge/linux-64/libgfortran5-14.1.0-hc5f4f2c_1.conda
https://conda.anaconda.org/conda-forge/linux-64/liblzma-5.6.3-hb9d3cd8_1.conda
https://conda.anaconda.org/conda-forge/linux-64/libstdcxx-14.1.0-hc0a3c3a_1.conda
https://conda.anaconda.org/conda-forge/linux-64/libutf8proc-2.9.0-hb9d3cd8_1.conda
https://conda.anaconda.org/conda-forge/linux-64/libwebp-base-1.5.0-h851e524_0.conda
https://conda.anaconda.org/conda-forge/linux-64/openssl-3.4.0-h7b32b05_1.conda
https://conda.anaconda.org/conda-forge/linux-64/pthread-stubs-0.4-hb9d3cd8_1002.conda
https://conda.anaconda.org/conda-forge/linux-64/xorg-libxau-1.0.12-hb9d3cd8_0.conda
https://conda.anaconda.org/conda-forge/linux-64/xorg-libxdmcp-1.1.5-hb9d3cd8_0.conda
https://conda.anaconda.org/conda-forge/linux-64/aws-c-cal-0.8.1-h1a47875_3.conda
https://conda.anaconda.org/conda-forge/linux-64/aws-c-compression-0.3.0-h4e1184b_5.conda
https://conda.anaconda.org/conda-forge/linux-64/aws-c-sdkutils-0.2.1-h4e1184b_4.conda
https://conda.anaconda.org/conda-forge/linux-64/aws-checksums-0.2.2-h4e1184b_4.conda
https://conda.anaconda.org/conda-forge/linux-64/bzip2-1.0.8-h4bc722e_7.conda
https://conda.anaconda.org/conda-forge/linux-64/dav1d-1.2.1-hd590300_0.conda
https://conda.anaconda.org/conda-forge/linux-64/geos-3.13.0-h5888daf_0.conda
https://conda.anaconda.org/conda-forge/linux-64/gflags-2.2.2-h5888daf_1005.conda
https://conda.anaconda.org/conda-forge/linux-64/giflib-5.2.2-hd590300_0.conda
https://conda.anaconda.org/conda-forge/linux-64/jxrlib-1.1-hd590300_3.conda
https://conda.anaconda.org/conda-forge/linux-64/keyutils-1.6.1-h166bdaf_0.tar.bz2
https://conda.anaconda.org/conda-forge/linux-64/libabseil-20240722.0-cxx17_hbbce691_4.conda
https://conda.anaconda.org/conda-forge/linux-64/libbrotlidec-1.1.0-hb9d3cd8_2.conda
https://conda.anaconda.org/conda-forge/linux-64/libbrotlienc-1.1.0-hb9d3cd8_2.conda
https://conda.anaconda.org/conda-forge/linux-64/libedit-3.1.20191231-he28a2e2_2.tar.bz2
https://conda.anaconda.org/conda-forge/linux-64/libev-4.33-hd590300_2.conda
https://conda.anaconda.org/conda-forge/linux-64/libevent-2.1.12-hf998b51_1.conda
https://conda.anaconda.org/conda-forge/linux-64/libffi-3.4.2-h7f98852_5.tar.bz2
https://conda.anaconda.org/conda-forge/linux-64/libgfortran-14.1.0-h69a702a_1.conda
https://conda.anaconda.org/conda-forge/linux-64/libiconv-1.17-hd590300_2.conda
https://conda.anaconda.org/conda-forge/linux-64/libjpeg-turbo-3.0.0-hd590300_1.conda
https://conda.anaconda.org/conda-forge/linux-64/libnsl-2.0.1-hd590300_0.conda
https://conda.anaconda.org/conda-forge/linux-64/libsodium-1.0.18-h36c2ea0_1.tar.bz2
https://conda.anaconda.org/conda-forge/linux-64/libstdcxx-ng-14.1.0-h4852527_1.conda
https://conda.anaconda.org/conda-forge/linux-64/libuuid-2.38.1-h0b41bf4_0.conda
https://conda.anaconda.org/conda-forge/linux-64/libuv-1.48.0-hd590300_0.conda
https://conda.anaconda.org/conda-forge/linux-64/libxcb-1.17.0-h8a09558_0.conda
https://conda.anaconda.org/conda-forge/linux-64/libxcrypt-4.4.36-hd590300_1.conda
https://conda.anaconda.org/conda-forge/linux-64/libzlib-1.3.1-h4ab18f5_1.conda
https://conda.anaconda.org/conda-forge/linux-64/lz4-c-1.10.0-h5888daf_1.conda
https://conda.anaconda.org/conda-forge/linux-64/lzo-2.10-hd590300_1001.conda
https://conda.anaconda.org/conda-forge/linux-64/ncurses-6.5-he02047a_1.conda
https://conda.anaconda.org/conda-forge/linux-64/rav1e-0.6.6-he8a937b_2.conda
https://conda.anaconda.org/conda-forge/linux-64/s2n-1.5.10-hb5b8611_0.conda
https://conda.anaconda.org/conda-forge/linux-64/snappy-1.2.1-h8bd8927_1.conda
https://conda.anaconda.org/conda-forge/linux-64/svt-av1-2.3.0-h5888daf_0.conda
https://conda.anaconda.org/conda-forge/linux-64/tk-8.6.13-noxft_h4845f30_101.conda
https://conda.anaconda.org/conda-forge/linux-64/xz-5.2.6-h166bdaf_0.tar.bz2
https://conda.anaconda.org/conda-forge/linux-64/yaml-0.2.5-h7f98852_2.tar.bz2
https://conda.anaconda.org/conda-forge/linux-64/zfp-1.0.1-h5888daf_2.conda
https://conda.anaconda.org/conda-forge/linux-64/zlib-ng-2.2.3-h7955e40_0.conda
https://conda.anaconda.org/conda-forge/linux-64/aom-3.9.1-hac33072_0.conda
https://conda.anaconda.org/conda-forge/linux-64/aws-c-io-0.15.3-h831e299_5.conda
https://conda.anaconda.org/conda-forge/linux-64/brotli-bin-1.1.0-hb9d3cd8_2.conda
https://conda.anaconda.org/conda-forge/linux-64/charls-2.4.2-h59595ed_0.conda
https://conda.anaconda.org/conda-forge/linux-64/glog-0.7.1-hbabe93e_0.conda
https://conda.anaconda.org/conda-forge/linux-64/hdf4-4.2.15-h2a13503_7.conda
https://conda.anaconda.org/conda-forge/linux-64/icu-75.1-he02047a_0.conda
https://conda.anaconda.org/conda-forge/linux-64/krb5-1.21.3-h659f571_0.conda
https://conda.anaconda.org/conda-forge/linux-64/lcms2-2.16-hb7c19ff_0.conda
https://conda.anaconda.org/conda-forge/linux-64/lerc-4.0.0-h27087fc_0.tar.bz2
https://conda.anaconda.org/conda-forge/linux-64/libaec-1.1.3-h59595ed_0.conda
https://conda.anaconda.org/conda-forge/linux-64/libcrc32c-1.1.2-h9c3ff4c_0.tar.bz2
https://conda.anaconda.org/conda-forge/linux-64/libde265-1.0.15-h00ab1b0_0.conda
https://conda.anaconda.org/conda-forge/linux-64/libgfortran-ng-14.1.0-h69a702a_1.conda
https://conda.anaconda.org/conda-forge/linux-64/libhwy-1.1.0-h00ab1b0_0.conda
https://conda.anaconda.org/conda-forge/linux-64/libllvm14-14.0.6-hcd5def8_4.conda
https://conda.anaconda.org/conda-forge/linux-64/libnghttp2-1.64.0-h161d5f1_0.conda
https://conda.anaconda.org/conda-forge/linux-64/libpng-1.6.44-hadc24fc_0.conda
https://conda.anaconda.org/conda-forge/linux-64/libprotobuf-5.28.3-h6128344_1.conda
https://conda.anaconda.org/conda-forge/linux-64/libre2-11-2024.07.02-hbbce691_2.conda
https://conda.anaconda.org/conda-forge/linux-64/librttopo-1.1.0-h97f6797_17.conda
https://conda.anaconda.org/conda-forge/linux-64/libsqlite-3.47.2-hee588c1_0.conda
https://conda.anaconda.org/conda-forge/linux-64/libssh2-1.11.1-hf672d98_0.conda
https://conda.anaconda.org/conda-forge/linux-64/libthrift-0.21.0-h0e7cc3e_0.conda
https://conda.anaconda.org/conda-forge/linux-64/libzip-1.11.2-h6991a6a_0.conda
https://conda.anaconda.org/conda-forge/linux-64/libzopfli-1.0.3-h9c3ff4c_0.tar.bz2
https://conda.anaconda.org/conda-forge/linux-64/pcre2-10.44-hba22ea6_2.conda
https://conda.anaconda.org/conda-forge/linux-64/perl-5.32.1-7_hd590300_perl5.conda
https://conda.anaconda.org/conda-forge/linux-64/qhull-2020.2-h434a139_5.conda
https://conda.anaconda.org/conda-forge/linux-64/readline-8.2-h8228510_1.conda
https://conda.anaconda.org/conda-forge/linux-64/uriparser-0.9.8-hac33072_0.conda
https://conda.anaconda.org/conda-forge/linux-64/x265-3.5-h924138e_3.tar.bz2
https://conda.anaconda.org/conda-forge/linux-64/zlib-1.3.1-h4ab18f5_1.conda
https://conda.anaconda.org/conda-forge/linux-64/zstd-1.5.6-ha6fb4c9_0.conda
https://conda.anaconda.org/conda-forge/linux-64/aws-c-event-stream-0.5.0-h7959bf6_11.conda
https://conda.anaconda.org/conda-forge/linux-64/aws-c-http-0.9.2-hefd7a92_4.conda
https://conda.anaconda.org/conda-forge/linux-64/blosc-1.21.6-he440d0b_1.conda
https://conda.anaconda.org/conda-forge/linux-64/brotli-1.1.0-hb9d3cd8_2.conda
https://conda.anaconda.org/conda-forge/linux-64/c-blosc2-2.15.2-h3122c55_1.conda
https://conda.anaconda.org/conda-forge/linux-64/freetype-2.12.1-h267a509_2.conda
https://conda.anaconda.org/conda-forge/linux-64/libavif16-1.1.1-h1909e37_2.conda
https://conda.anaconda.org/conda-forge/linux-64/libcurl-8.11.1-h332b0f4_0.conda
https://conda.anaconda.org/conda-forge/linux-64/libjxl-0.11.1-hdb8da77_0.conda
https://conda.anaconda.org/conda-forge/linux-64/libkml-1.3.0-hf539b9f_1021.conda
https://conda.anaconda.org/conda-forge/linux-64/libopenblas-0.3.28-pthreads_h94d23a6_0.conda
https://conda.anaconda.org/conda-forge/linux-64/libtiff-4.7.0-hd9ff511_3.conda
https://conda.anaconda.org/conda-forge/linux-64/libxml2-2.13.5-h8d12d68_1.conda
https://conda.anaconda.org/conda-forge/linux-64/minizip-4.0.7-h05a5f5f_3.conda
https://conda.anaconda.org/conda-forge/linux-64/nodejs-20.12.2-hc19f0b3_1.conda
https://conda.anaconda.org/conda-forge/linux-64/orc-2.0.3-h12ee42a_2.conda
https://conda.anaconda.org/conda-forge/linux-64/parallel-20241222-ha770c72_0.conda
https://conda.anaconda.org/conda-forge/linux-64/python-3.12.8-h9e4cc4f_1_cpython.conda
https://conda.anaconda.org/conda-forge/linux-64/re2-2024.07.02-h9925aae_2.conda
https://conda.anaconda.org/conda-forge/linux-64/sqlite-3.47.2-h9eae976_0.conda
https://conda.anaconda.org/conda-forge/linux-64/xerces-c-3.2.5-h988505b_2.conda
https://conda.anaconda.org/conda-forge/linux-64/zeromq-4.3.5-h75354e8_4.conda
https://conda.anaconda.org/conda-forge/noarch/affine-2.4.0-pyhd8ed1ab_1.conda
https://conda.anaconda.org/conda-forge/noarch/aiohappyeyeballs-2.4.4-pyhd8ed1ab_1.conda
https://conda.anaconda.org/conda-forge/noarch/asciitree-0.3.3-py_2.tar.bz2
https://conda.anaconda.org/conda-forge/noarch/async_generator-1.10-pyhd8ed1ab_1.conda
https://conda.anaconda.org/conda-forge/noarch/attrs-24.2.0-pyh71513ae_0.conda
https://conda.anaconda.org/conda-forge/linux-64/aws-c-auth-0.8.0-hb921021_15.conda
https://conda.anaconda.org/conda-forge/linux-64/aws-c-mqtt-0.11.0-h11f4f37_12.conda
https://conda.anaconda.org/conda-forge/linux-64/azure-core-cpp-1.14.0-h5cfcd09_0.conda
https://conda.anaconda.org/conda-forge/noarch/blinker-1.8.2-pyhd8ed1ab_0.conda
https://conda.anaconda.org/conda-forge/linux-64/brotli-python-1.1.0-py312h2ec8cdc_2.conda
https://conda.anaconda.org/conda-forge/linux-64/brunsli-0.1-h9c3ff4c_0.tar.bz2
https://conda.anaconda.org/conda-forge/noarch/cached_property-1.5.2-pyha770c72_1.tar.bz2
https://conda.anaconda.org/conda-forge/noarch/cachetools-5.5.0-pyhd8ed1ab_1.conda
https://conda.anaconda.org/conda-forge/noarch/certifi-2024.7.4-pyhd8ed1ab_0.conda
https://conda.anaconda.org/conda-forge/noarch/charset-normalizer-3.3.2-pyhd8ed1ab_0.conda
https://conda.anaconda.org/conda-forge/noarch/click-8.1.8-pyh707e725_0.conda
https://conda.anaconda.org/conda-forge/noarch/cloudpickle-3.1.0-pyhd8ed1ab_2.conda
https://conda.anaconda.org/conda-forge/noarch/colorama-0.4.6-pyhd8ed1ab_1.conda
https://conda.anaconda.org/conda-forge/noarch/colorcet-3.1.0-pyhd8ed1ab_1.conda
https://conda.anaconda.org/conda-forge/noarch/cycler-0.12.1-pyhd8ed1ab_1.conda
https://conda.anaconda.org/conda-forge/linux-64/debugpy-1.8.11-py312h2ec8cdc_0.conda
https://conda.anaconda.org/conda-forge/noarch/decorator-5.1.1-pyhd8ed1ab_0.tar.bz2
https://conda.anaconda.org/conda-forge/noarch/defusedxml-0.7.1-pyhd8ed1ab_0.tar.bz2
https://conda.anaconda.org/conda-forge/noarch/entrypoints-0.4-pyhd8ed1ab_0.tar.bz2
https://conda.anaconda.org/conda-forge/noarch/exceptiongroup-1.2.2-pyhd8ed1ab_0.conda
https://conda.anaconda.org/conda-forge/noarch/executing-2.0.1-pyhd8ed1ab_0.conda
https://conda.anaconda.org/conda-forge/noarch/fasteners-0.19-pyhd8ed1ab_1.conda
https://conda.anaconda.org/conda-forge/linux-64/freexl-2.0.0-h9dce30a_2.conda
https://conda.anaconda.org/conda-forge/linux-64/frozenlist-1.5.0-py312h66e93f0_0.conda
https://conda.anaconda.org/conda-forge/noarch/fsspec-2024.12.0-pyhd8ed1ab_0.conda
https://conda.anaconda.org/conda-forge/noarch/geographiclib-2.0-pyhd8ed1ab_1.conda
https://conda.anaconda.org/conda-forge/noarch/geojson-3.2.0-pyhd8ed1ab_0.conda
https://conda.anaconda.org/conda-forge/linux-64/greenlet-3.1.1-py312h2ec8cdc_1.conda
https://conda.anaconda.org/conda-forge/linux-64/hdf5-1.14.4-nompi_h2d575fe_105.conda
https://conda.anaconda.org/conda-forge/noarch/hpack-4.0.0-pyh9f0ad1d_0.tar.bz2
https://conda.anaconda.org/conda-forge/noarch/hyperframe-6.0.1-pyhd8ed1ab_0.tar.bz2
https://conda.anaconda.org/conda-forge/noarch/idna-3.8-pyhd8ed1ab_0.conda
https://conda.anaconda.org/conda-forge/noarch/ipython_genutils-0.2.0-pyhd8ed1ab_2.conda
https://conda.anaconda.org/conda-forge/noarch/jmespath-1.0.1-pyhd8ed1ab_1.conda
https://conda.anaconda.org/conda-forge/noarch/json5-0.9.25-pyhd8ed1ab_0.conda
https://conda.anaconda.org/conda-forge/linux-64/jsonpointer-3.0.0-py312h7900ff3_1.conda
https://conda.anaconda.org/conda-forge/noarch/jupyter_leaflet-0.19.2-pyhd8ed1ab_1.conda
https://conda.anaconda.org/conda-forge/noarch/jupyterlab_widgets-3.0.13-pyhd8ed1ab_0.conda
https://conda.anaconda.org/conda-forge/linux-64/kiwisolver-1.4.7-py312h68727a3_0.conda
https://conda.anaconda.org/conda-forge/linux-64/libarchive-3.7.7-h4585015_3.conda
https://conda.anaconda.org/conda-forge/linux-64/libblas-3.9.0-26_linux64_openblas.conda
https://conda.anaconda.org/conda-forge/linux-64/libgrpc-1.67.1-h25350d4_1.conda
https://conda.anaconda.org/conda-forge/linux-64/libheif-1.19.5-gpl_hc21c24c_100.conda
https://conda.anaconda.org/conda-forge/linux-64/llvmlite-0.43.0-py312h374181b_1.conda
https://conda.anaconda.org/conda-forge/noarch/locket-1.0.0-pyhd8ed1ab_0.tar.bz2
https://conda.anaconda.org/conda-forge/linux-64/lz4-4.3.3-py312hf0f0c11_2.conda
https://conda.anaconda.org/conda-forge/linux-64/markupsafe-3.0.2-py312h178313f_1.conda
https://conda.anaconda.org/conda-forge/noarch/mdurl-0.1.2-pyhd8ed1ab_1.conda
https://conda.anaconda.org/conda-forge/noarch/mistune-3.0.2-pyhd8ed1ab_0.conda
https://conda.anaconda.org/conda-forge/linux-64/msgpack-python-1.1.0-py312h68727a3_0.conda
https://conda.anaconda.org/conda-forge/linux-64/multidict-6.1.0-py312h178313f_2.conda
https://conda.anaconda.org/conda-forge/noarch/munkres-1.1.4-pyh9f0ad1d_0.tar.bz2
https://conda.anaconda.org/conda-forge/noarch/nest-asyncio-1.6.0-pyhd8ed1ab_0.conda
https://conda.anaconda.org/conda-forge/noarch/networkx-3.4.2-pyh267e887_2.conda
https://conda.anaconda.org/conda-forge/linux-64/openjpeg-2.5.3-h5fbd93e_0.conda
https://conda.anaconda.org/conda-forge/noarch/packaging-24.1-pyhd8ed1ab_0.conda
https://conda.anaconda.org/conda-forge/noarch/pamela-1.2.0-pyhff2d567_0.conda
https://conda.anaconda.org/conda-forge/noarch/pandocfilters-1.5.0-pyhd8ed1ab_0.tar.bz2
https://conda.anaconda.org/conda-forge/noarch/param-2.2.0-pyhd8ed1ab_0.conda
https://conda.anaconda.org/conda-forge/noarch/parso-0.8.4-pyhd8ed1ab_0.conda
https://conda.anaconda.org/conda-forge/noarch/pickleshare-0.7.5-py_1003.tar.bz2
https://conda.anaconda.org/conda-forge/noarch/pkgutil-resolve-name-1.3.10-pyhd8ed1ab_1.conda
https://conda.anaconda.org/conda-forge/noarch/platformdirs-4.2.2-pyhd8ed1ab_0.conda
https://conda.anaconda.org/conda-forge/linux-64/proj-9.5.1-h0054346_0.conda
https://conda.anaconda.org/conda-forge/noarch/prometheus_client-0.20.0-pyhd8ed1ab_0.conda
https://conda.anaconda.org/conda-forge/linux-64/propcache-0.2.1-py312h66e93f0_0.conda
https://conda.anaconda.org/conda-forge/linux-64/protobuf-5.28.3-py312h2ec8cdc_0.conda
https://conda.anaconda.org/conda-forge/linux-64/psutil-5.9.8-py312h98912ed_0.conda
https://conda.anaconda.org/conda-forge/noarch/ptyprocess-0.7.0-pyhd3deb0d_0.tar.bz2
https://conda.anaconda.org/conda-forge/noarch/pure_eval-0.2.3-pyhd8ed1ab_0.conda
https://conda.anaconda.org/conda-forge/noarch/pyasn1-0.6.1-pyhd8ed1ab_2.conda
https://conda.anaconda.org/conda-forge/noarch/pycparser-2.22-pyhd8ed1ab_0.conda
https://conda.anaconda.org/conda-forge/noarch/pygments-2.18.0-pyhd8ed1ab_0.conda
https://conda.anaconda.org/conda-forge/noarch/pyjwt-2.9.0-pyhd8ed1ab_1.conda
https://conda.anaconda.org/conda-forge/noarch/pyparsing-3.2.1-pyhd8ed1ab_0.conda
https://conda.anaconda.org/conda-forge/noarch/pyshp-2.3.1-pyhd8ed1ab_1.conda
https://conda.anaconda.org/conda-forge/noarch/pysocks-1.7.1-pyha2e5f31_6.tar.bz2
https://conda.anaconda.org/conda-forge/noarch/python-dotenv-1.0.1-pyhd8ed1ab_1.conda
https://conda.anaconda.org/conda-forge/noarch/python-fastjsonschema-2.20.0-pyhd8ed1ab_0.conda
https://conda.anaconda.org/conda-forge/noarch/python-json-logger-2.0.7-pyhd8ed1ab_0.conda
https://conda.anaconda.org/conda-forge/noarch/python-tzdata-2024.2-pyhd8ed1ab_1.conda
https://conda.anaconda.org/conda-forge/noarch/pytz-2024.1-pyhd8ed1ab_0.conda
https://conda.anaconda.org/conda-forge/linux-64/pyyaml-6.0.2-py312h66e93f0_1.conda
https://conda.anaconda.org/conda-forge/linux-64/pyzmq-26.2.0-py312hbf22597_0.conda
https://conda.anaconda.org/conda-forge/noarch/rfc3986-validator-0.1.1-pyh9f0ad1d_0.tar.bz2
https://conda.anaconda.org/conda-forge/linux-64/rpds-py-0.22.3-py312h12e396e_0.conda
https://conda.anaconda.org/conda-forge/noarch/send2trash-1.8.3-pyh0d859eb_0.conda
https://conda.anaconda.org/conda-forge/noarch/setuptools-72.2.0-pyhd8ed1ab_0.conda
https://conda.anaconda.org/conda-forge/noarch/simpervisor-1.0.0-pyhd8ed1ab_1.conda
https://conda.anaconda.org/conda-forge/linux-64/simplejson-3.19.3-py312h66e93f0_1.conda
https://conda.anaconda.org/conda-forge/noarch/six-1.16.0-pyh6c4a22f_0.tar.bz2
https://conda.anaconda.org/conda-forge/noarch/sniffio-1.3.1-pyhd8ed1ab_0.conda
https://conda.anaconda.org/conda-forge/noarch/sortedcontainers-2.4.0-pyhd8ed1ab_0.tar.bz2
https://conda.anaconda.org/conda-forge/noarch/soupsieve-2.5-pyhd8ed1ab_1.conda
https://conda.anaconda.org/conda-forge/noarch/tblib-3.0.0-pyhd8ed1ab_1.conda
https://conda.anaconda.org/conda-forge/noarch/threadpoolctl-3.5.0-pyhc1e730c_0.conda
https://conda.anaconda.org/conda-forge/noarch/tomli-2.0.1-pyhd8ed1ab_0.tar.bz2
https://conda.anaconda.org/conda-forge/noarch/toolz-1.0.0-pyhd8ed1ab_1.conda
https://conda.anaconda.org/conda-forge/linux-64/tornado-6.4.2-py312h66e93f0_0.conda
https://conda.anaconda.org/conda-forge/noarch/traitlets-5.14.3-pyhd8ed1ab_0.conda
https://conda.anaconda.org/conda-forge/noarch/types-python-dateutil-2.9.0.20240821-pyhd8ed1ab_0.conda
https://conda.anaconda.org/conda-forge/noarch/typing_extensions-4.12.2-pyha770c72_0.conda
https://conda.anaconda.org/conda-forge/noarch/typing_utils-0.1.0-pyhd8ed1ab_0.tar.bz2
https://conda.anaconda.org/conda-forge/noarch/uc-micro-py-1.0.3-pyhd8ed1ab_1.conda
https://conda.anaconda.org/conda-forge/linux-64/unicodedata2-15.1.0-py312h66e93f0_1.conda
https://conda.anaconda.org/conda-forge/noarch/uri-template-1.3.0-pyhd8ed1ab_0.conda
https://conda.anaconda.org/conda-forge/noarch/wcwidth-0.2.13-pyhd8ed1ab_0.conda
https://conda.anaconda.org/conda-forge/noarch/webcolors-24.8.0-pyhd8ed1ab_0.conda
https://conda.anaconda.org/conda-forge/noarch/webencodings-0.5.1-pyhd8ed1ab_2.conda
https://conda.anaconda.org/conda-forge/noarch/websocket-client-1.8.0-pyhd8ed1ab_0.conda
https://conda.anaconda.org/conda-forge/noarch/wheel-0.44.0-pyhd8ed1ab_0.conda
https://conda.anaconda.org/conda-forge/noarch/widgetsnbextension-4.0.13-pyhd8ed1ab_0.conda
https://conda.anaconda.org/conda-forge/linux-64/wrapt-1.17.0-py312h66e93f0_0.conda
https://conda.anaconda.org/conda-forge/noarch/xyzservices-2024.9.0-pyhd8ed1ab_1.conda
https://conda.anaconda.org/conda-forge/noarch/zict-3.0.0-pyhd8ed1ab_1.conda
https://conda.anaconda.org/conda-forge/noarch/zipp-3.20.1-pyhd8ed1ab_0.conda
https://conda.anaconda.org/conda-forge/noarch/aioitertools-0.12.0-pyhd8ed1ab_1.conda
https://conda.anaconda.org/conda-forge/noarch/aiosignal-1.3.2-pyhd8ed1ab_0.conda
https://conda.anaconda.org/conda-forge/noarch/anyio-4.4.0-pyhd8ed1ab_0.conda
https://conda.anaconda.org/conda-forge/noarch/asttokens-2.4.1-pyhd8ed1ab_0.conda
https://conda.anaconda.org/conda-forge/noarch/async-lru-2.0.4-pyhd8ed1ab_0.conda
https://conda.anaconda.org/conda-forge/linux-64/aws-c-s3-0.7.7-hf454442_0.conda
https://conda.anaconda.org/conda-forge/linux-64/azure-identity-cpp-1.10.0-h113e628_0.conda
https://conda.anaconda.org/conda-forge/linux-64/azure-storage-common-cpp-12.8.0-h736e048_1.conda
https://conda.anaconda.org/conda-forge/noarch/babel-2.14.0-pyhd8ed1ab_0.conda
https://conda.anaconda.org/conda-forge/noarch/beautifulsoup4-4.12.3-pyha770c72_0.conda
https://conda.anaconda.org/conda-forge/noarch/bleach-6.1.0-pyhd8ed1ab_0.conda
https://conda.anaconda.org/conda-forge/noarch/cached-property-1.5.2-hd8ed1ab_1.tar.bz2
https://conda.anaconda.org/conda-forge/linux-64/cffi-1.17.1-py312h06ac9bb_0.conda
https://conda.anaconda.org/conda-forge/noarch/click-plugins-1.1.1-pyhd8ed1ab_1.conda
https://conda.anaconda.org/conda-forge/noarch/cligj-0.7.2-pyhd8ed1ab_2.conda
https://conda.anaconda.org/conda-forge/noarch/comm-0.2.2-pyhd8ed1ab_0.conda
https://conda.anaconda.org/conda-forge/linux-64/cytoolz-1.0.1-py312h66e93f0_0.conda
https://conda.anaconda.org/conda-forge/linux-64/fonttools-4.55.3-py312h178313f_1.conda
https://conda.anaconda.org/conda-forge/noarch/geopy-2.4.1-pyhd8ed1ab_2.conda
https://conda.anaconda.org/conda-forge/linux-64/geotiff-1.7.3-h77b800c_3.conda
https://conda.anaconda.org/conda-forge/noarch/googleapis-common-protos-1.66.0-pyhff2d567_0.conda
https://conda.anaconda.org/conda-forge/linux-64/grpcio-1.67.1-py312hacea422_1.conda
https://conda.anaconda.org/conda-forge/noarch/h11-0.14.0-pyhd8ed1ab_0.tar.bz2
https://conda.anaconda.org/conda-forge/noarch/h2-4.1.0-pyhd8ed1ab_0.tar.bz2
https://conda.anaconda.org/conda-forge/noarch/importlib-metadata-8.4.0-pyha770c72_0.conda
https://conda.anaconda.org/conda-forge/noarch/importlib_resources-6.4.4-pyhd8ed1ab_0.conda
https://conda.anaconda.org/conda-forge/noarch/intake-2.0.7-pyhd8ed1ab_1.conda
https://conda.anaconda.org/conda-forge/noarch/jedi-0.19.1-pyhd8ed1ab_0.conda
https://conda.anaconda.org/conda-forge/noarch/jinja2-3.1.4-pyhd8ed1ab_0.conda
https://conda.anaconda.org/conda-forge/noarch/joblib-1.4.2-pyhd8ed1ab_1.conda
https://conda.anaconda.org/conda-forge/noarch/jupyter_core-5.7.2-pyh31011fe_1.conda
https://conda.anaconda.org/conda-forge/noarch/jupyterlab_pygments-0.3.0-pyhd8ed1ab_1.conda
https://conda.anaconda.org/conda-forge/linux-64/libcblas-3.9.0-26_linux64_openblas.conda
https://conda.anaconda.org/conda-forge/linux-64/libgoogle-cloud-2.33.0-h2b5623c_1.conda
https://conda.anaconda.org/conda-forge/linux-64/liblapack-3.9.0-26_linux64_openblas.conda
https://conda.anaconda.org/conda-forge/linux-64/libnetcdf-4.9.2-nompi_h5ddbaa4_116.conda
https://conda.anaconda.org/conda-forge/linux-64/libspatialite-5.1.0-h1b4f908_12.conda
https://conda.anaconda.org/conda-forge/noarch/linkify-it-py-2.0.3-pyhd8ed1ab_1.conda
https://conda.anaconda.org/conda-forge/noarch/markdown-it-py-3.0.0-pyhd8ed1ab_1.conda
https://conda.anaconda.org/conda-forge/noarch/matplotlib-inline-0.1.7-pyhd8ed1ab_0.conda
https://conda.anaconda.org/conda-forge/noarch/mercantile-1.2.1-pyhd8ed1ab_1.conda
https://conda.anaconda.org/conda-forge/noarch/multipledispatch-0.6.0-pyhd8ed1ab_1.conda
https://conda.anaconda.org/conda-forge/noarch/overrides-7.7.0-pyhd8ed1ab_0.conda
https://conda.anaconda.org/conda-forge/noarch/partd-1.4.2-pyhd8ed1ab_0.conda
https://conda.anaconda.org/conda-forge/noarch/pexpect-4.9.0-pyhd8ed1ab_0.conda
https://conda.anaconda.org/conda-forge/linux-64/pillow-11.1.0-py312h80c1187_0.conda
https://conda.anaconda.org/conda-forge/noarch/pip-24.2-pyhd8ed1ab_0.conda
https://conda.anaconda.org/conda-forge/noarch/prompt-toolkit-3.0.47-pyha770c72_0.conda
https://conda.anaconda.org/conda-forge/noarch/proto-plus-1.25.0-pyhd8ed1ab_1.conda
https://conda.anaconda.org/conda-forge/noarch/pyasn1-modules-0.4.1-pyhd8ed1ab_1.conda
https://conda.anaconda.org/conda-forge/linux-64/pyproj-3.7.0-py312he630544_0.conda
https://conda.anaconda.org/conda-forge/noarch/python-dateutil-2.9.0-pyhd8ed1ab_0.conda
https://conda.anaconda.org/conda-forge/noarch/pyu2f-0.1.5-pyhd8ed1ab_1.conda
https://conda.anaconda.org/conda-forge/noarch/pyviz_comms-3.0.3-pyhd8ed1ab_0.conda
https://conda.anaconda.org/conda-forge/noarch/referencing-0.35.1-pyhd8ed1ab_0.conda
https://conda.anaconda.org/conda-forge/noarch/rfc3339-validator-0.1.4-pyhd8ed1ab_0.tar.bz2
https://conda.anaconda.org/conda-forge/noarch/rsa-4.9-pyhd8ed1ab_1.conda
https://conda.anaconda.org/conda-forge/noarch/terminado-0.18.1-pyh0d859eb_0.conda
https://conda.anaconda.org/conda-forge/noarch/tinycss2-1.3.0-pyhd8ed1ab_0.conda
https://conda.anaconda.org/conda-forge/noarch/tqdm-4.67.1-pyhd8ed1ab_1.conda
https://conda.anaconda.org/conda-forge/noarch/traittypes-0.2.1-pyh9f0ad1d_2.tar.bz2
https://conda.anaconda.org/conda-forge/noarch/typing-extensions-4.12.2-hd8ed1ab_0.conda
https://conda.anaconda.org/conda-forge/linux-64/yarl-1.18.3-py312h66e93f0_0.conda
https://conda.anaconda.org/conda-forge/linux-64/aiohttp-3.11.11-py312h178313f_0.conda
https://conda.anaconda.org/conda-forge/noarch/annotated-types-0.7.0-pyhd8ed1ab_0.conda
https://conda.anaconda.org/conda-forge/linux-64/argon2-cffi-bindings-21.2.0-py312h66e93f0_5.conda
https://conda.anaconda.org/conda-forge/noarch/arrow-1.3.0-pyhd8ed1ab_0.conda
https://conda.anaconda.org/conda-forge/linux-64/aws-crt-cpp-0.29.7-hd92328a_7.conda
https://conda.anaconda.org/conda-forge/linux-64/azure-storage-blobs-cpp-12.13.0-h3cf044e_1.conda
https://conda.anaconda.org/conda-forge/noarch/branca-0.8.1-pyhd8ed1ab_0.conda
https://conda.anaconda.org/conda-forge/linux-64/cryptography-43.0.3-py312hda17c39_0.conda
https://conda.anaconda.org/conda-forge/noarch/dask-core-2024.12.1-pyhd8ed1ab_0.conda
https://conda.anaconda.org/conda-forge/noarch/fqdn-1.5.1-pyhd8ed1ab_0.tar.bz2
https://conda.anaconda.org/conda-forge/linux-64/google-crc32c-1.1.2-py312hb42adb9_6.conda
https://conda.anaconda.org/conda-forge/noarch/httpcore-1.0.5-pyhd8ed1ab_0.conda
https://conda.anaconda.org/conda-forge/noarch/importlib_metadata-8.4.0-hd8ed1ab_0.conda
https://conda.anaconda.org/conda-forge/noarch/jsonschema-specifications-2023.12.1-pyhd8ed1ab_0.conda
https://conda.anaconda.org/conda-forge/noarch/jupyter_server_terminals-0.5.3-pyhd8ed1ab_0.conda
https://conda.anaconda.org/conda-forge/noarch/lazy-loader-0.4-pyhd8ed1ab_2.conda
https://conda.anaconda.org/conda-forge/linux-64/libgdal-core-3.10.0-h3359108_13.conda
https://conda.anaconda.org/conda-forge/linux-64/libgoogle-cloud-storage-2.33.0-h0121fbd_1.conda
https://conda.anaconda.org/conda-forge/noarch/mako-1.3.5-pyhd8ed1ab_0.conda
https://conda.anaconda.org/conda-forge/noarch/markdown-3.6-pyhd8ed1ab_0.conda
https://conda.anaconda.org/conda-forge/noarch/mdit-py-plugins-0.4.2-pyhd8ed1ab_1.conda
https://conda.anaconda.org/conda-forge/linux-64/numpy-2.0.2-py312h58c1407_1.conda
https://conda.anaconda.org/conda-forge/linux-64/pydantic-core-2.20.1-py312hf008fa9_0.conda
https://conda.anaconda.org/conda-forge/noarch/pystac-1.11.0-pyhd8ed1ab_1.conda
https://conda.anaconda.org/conda-forge/linux-64/sqlalchemy-2.0.36-py312h66e93f0_0.conda
https://conda.anaconda.org/conda-forge/noarch/stack_data-0.6.2-pyhd8ed1ab_0.conda
https://conda.anaconda.org/conda-forge/linux-64/zstandard-0.23.0-py312hef9b889_1.conda
https://conda.anaconda.org/conda-forge/noarch/alembic-1.13.2-pyhd8ed1ab_0.conda
https://conda.anaconda.org/conda-forge/noarch/argon2-cffi-23.1.0-pyhd8ed1ab_0.conda
https://conda.anaconda.org/conda-forge/linux-64/aws-sdk-cpp-1.11.458-hc430e4a_4.conda
https://conda.anaconda.org/conda-forge/linux-64/azure-storage-files-datalake-cpp-12.12.0-ha633028_1.conda
https://conda.anaconda.org/conda-forge/linux-64/cftime-1.6.4-py312hc0a28a1_1.conda
https://conda.anaconda.org/conda-forge/linux-64/contourpy-1.3.1-py312h68727a3_0.conda
https://conda.anaconda.org/conda-forge/linux-64/gdal-3.10.0-py312hc55c449_13.conda
https://conda.anaconda.org/conda-forge/noarch/google-resumable-media-2.7.2-pyhd8ed1ab_2.conda
https://conda.anaconda.org/conda-forge/linux-64/h5py-3.12.1-nompi_py312hd203070_103.conda
https://conda.anaconda.org/conda-forge/noarch/httpx-0.27.2-pyhd8ed1ab_0.conda
https://conda.anaconda.org/conda-forge/linux-64/imagecodecs-2024.9.22-py312h097a544_2.conda
https://conda.anaconda.org/conda-forge/noarch/imageio-2.36.1-pyh12aca89_1.conda
https://conda.anaconda.org/conda-forge/noarch/ipython-8.26.0-pyh707e725_0.conda
https://conda.anaconda.org/conda-forge/noarch/isoduration-20.11.0-pyhd8ed1ab_0.tar.bz2
https://conda.anaconda.org/conda-forge/noarch/jsonschema-4.23.0-pyhd8ed1ab_0.conda
https://conda.anaconda.org/conda-forge/noarch/jupyter_client-8.6.2-pyhd8ed1ab_0.conda
https://conda.anaconda.org/conda-forge/noarch/lazy_loader-0.4-pyhd8ed1ab_2.conda
https://conda.anaconda.org/conda-forge/linux-64/numba-0.60.0-py312h83e6fd3_0.conda
https://conda.anaconda.org/conda-forge/linux-64/numcodecs-0.13.1-py312hf9745cd_0.conda
https://conda.anaconda.org/conda-forge/noarch/oauthlib-3.2.2-pyhd8ed1ab_0.tar.bz2
https://conda.anaconda.org/conda-forge/linux-64/pandas-2.2.3-py312hf9745cd_1.conda
https://conda.anaconda.org/conda-forge/noarch/patsy-1.0.1-pyhd8ed1ab_1.conda
https://conda.anaconda.org/conda-forge/noarch/pydantic-2.8.2-pyhd8ed1ab_0.conda
https://conda.anaconda.org/conda-forge/linux-64/pyogrio-0.10.0-py312h02b19dd_1.conda
https://conda.anaconda.org/conda-forge/noarch/pyopenssl-24.2.1-pyhd8ed1ab_2.conda
https://conda.anaconda.org/conda-forge/linux-64/pywavelets-1.8.0-py312hc0a28a1_0.conda
https://conda.anaconda.org/conda-forge/linux-64/scipy-1.15.0-py312h180e4f1_0.conda
https://conda.anaconda.org/conda-forge/linux-64/shapely-2.0.6-py312h391bc85_2.conda
https://conda.anaconda.org/conda-forge/noarch/snuggs-1.4.7-pyhd8ed1ab_2.conda
https://conda.anaconda.org/conda-forge/noarch/urllib3-2.2.2-pyhd8ed1ab_1.conda
https://conda.anaconda.org/conda-forge/noarch/bokeh-3.6.2-pyhd8ed1ab_1.conda
https://conda.anaconda.org/conda-forge/noarch/botocore-1.35.88-pyge310_1234567_0.conda
https://conda.anaconda.org/conda-forge/noarch/certipy-0.1.3-pyhd8ed1ab_1.conda
https://conda.anaconda.org/conda-forge/noarch/distributed-2024.12.1-pyhd8ed1ab_0.conda
https://conda.anaconda.org/conda-forge/linux-64/fiona-1.10.1-py312h02b19dd_3.conda
https://conda.anaconda.org/conda-forge/noarch/geopandas-base-1.0.1-pyha770c72_3.conda
https://conda.anaconda.org/conda-forge/noarch/ipykernel-6.29.5-pyh3099207_0.conda
https://conda.anaconda.org/conda-forge/noarch/ipywidgets-8.1.5-pyhd8ed1ab_0.conda
https://conda.anaconda.org/conda-forge/noarch/jsonschema-with-format-nongpl-4.23.0-hd8ed1ab_0.conda
https://conda.anaconda.org/conda-forge/linux-64/libarrow-18.1.0-hd595efa_7_cpu.conda
https://conda.anaconda.org/conda-forge/linux-64/matplotlib-base-3.10.0-py312hd3ec401_0.conda
https://conda.anaconda.org/conda-forge/noarch/nbformat-5.10.4-pyhd8ed1ab_0.conda
https://conda.anaconda.org/conda-forge/linux-64/netcdf4-1.7.2-nompi_py312ha728dd9_101.conda
https://conda.anaconda.org/conda-forge/linux-64/rasterio-1.4.3-py312h8cae83d_0.conda
https://conda.anaconda.org/conda-forge/noarch/requests-2.32.3-pyhd8ed1ab_0.conda
https://conda.anaconda.org/conda-forge/linux-64/scikit-learn-1.6.0-py312h7a48858_0.conda
https://conda.anaconda.org/conda-forge/linux-64/statsmodels-0.14.4-py312hc0a28a1_0.conda
https://conda.anaconda.org/conda-forge/noarch/tifffile-2024.12.12-pyhd8ed1ab_0.conda
https://conda.anaconda.org/conda-forge/noarch/xarray-2025.1.0-pyhd8ed1ab_0.conda
https://conda.anaconda.org/conda-forge/noarch/zarr-2.18.4-pyhd8ed1ab_0.conda
https://conda.anaconda.org/conda-forge/noarch/aiobotocore-2.16.1-pyhd8ed1ab_0.conda
https://conda.anaconda.org/conda-forge/linux-64/cartopy-0.24.0-py312hf9745cd_0.conda
https://conda.anaconda.org/conda-forge/noarch/contextily-1.6.2-pyhd8ed1ab_1.conda
https://conda.anaconda.org/conda-forge/noarch/descartes-1.1.0-pyhd8ed1ab_5.conda
https://conda.anaconda.org/conda-forge/noarch/folium-0.19.4-pyhd8ed1ab_0.conda
https://conda.anaconda.org/conda-forge/noarch/google-auth-2.37.0-pyhd8ed1ab_0.conda
https://conda.anaconda.org/conda-forge/noarch/ipyleaflet-0.19.2-pyhd8ed1ab_1.conda
https://conda.anaconda.org/conda-forge/noarch/ipympl-0.9.6-pyhd8ed1ab_0.conda
https://conda.anaconda.org/conda-forge/noarch/jupyter_events-0.10.0-pyhd8ed1ab_0.conda
https://conda.anaconda.org/conda-forge/linux-64/libarrow-acero-18.1.0-hcb10f89_7_cpu.conda
https://conda.anaconda.org/conda-forge/linux-64/libparquet-18.1.0-h081d1f1_7_cpu.conda
https://conda.anaconda.org/conda-forge/noarch/mapclassify-2.8.1-pyhd8ed1ab_1.conda
https://conda.anaconda.org/conda-forge/noarch/matplotlib-scalebar-0.8.1-pyhd8ed1ab_1.conda
https://conda.anaconda.org/conda-forge/noarch/morecantile-6.2.0-pyhd8ed1ab_0.conda
https://conda.anaconda.org/conda-forge/noarch/nbclient-0.10.0-pyhd8ed1ab_0.conda
https://conda.anaconda.org/conda-forge/noarch/odc-geo-0.4.8-pyhd8ed1ab_0.conda
https://conda.anaconda.org/conda-forge/noarch/panel-1.5.5-pyhd8ed1ab_0.conda
https://conda.anaconda.org/conda-forge/linux-64/pyarrow-core-18.1.0-py312h01725c0_0_cpu.conda
https://conda.anaconda.org/conda-forge/noarch/pyct-0.5.0-pyhd8ed1ab_1.conda
https://conda.anaconda.org/conda-forge/noarch/pystac-client-0.8.5-pyhd8ed1ab_1.conda
https://conda.anaconda.org/conda-forge/noarch/rasterstats-0.20.0-pyhd8ed1ab_1.conda
https://conda.anaconda.org/conda-forge/noarch/requests-oauthlib-2.0.0-pyhd8ed1ab_1.conda
https://conda.anaconda.org/conda-forge/noarch/rioxarray-0.17.0-pyhd8ed1ab_0.conda
https://conda.anaconda.org/conda-forge/linux-64/scikit-image-0.25.0-py312hf9745cd_0.conda
https://conda.anaconda.org/conda-forge/noarch/seaborn-base-0.13.2-pyhd8ed1ab_3.conda
https://conda.anaconda.org/conda-forge/noarch/datashader-0.16.3-pyhd8ed1ab_1.conda
https://conda.anaconda.org/conda-forge/noarch/geopandas-1.0.1-pyhd8ed1ab_3.conda
https://conda.anaconda.org/conda-forge/noarch/google-api-core-2.24.0-pyhd8ed1ab_0.conda
https://conda.anaconda.org/conda-forge/noarch/google-auth-oauthlib-1.2.1-pyhd8ed1ab_1.conda
https://conda.anaconda.org/conda-forge/noarch/holoviews-1.20.0-pyhd8ed1ab_1.conda
https://conda.anaconda.org/conda-forge/noarch/jupyterhub-base-5.1.0-pyh31011fe_0.conda
https://conda.anaconda.org/conda-forge/linux-64/libarrow-dataset-18.1.0-hcb10f89_7_cpu.conda
https://conda.anaconda.org/conda-forge/noarch/nbconvert-core-7.16.4-pyhd8ed1ab_1.conda
https://conda.anaconda.org/conda-forge/noarch/odc-stac-0.3.11-pyhd8ed1ab_0.conda
https://conda.anaconda.org/conda-forge/noarch/planetary-computer-1.0.0-pyhd8ed1ab_1.conda
https://conda.anaconda.org/conda-forge/noarch/rio-cogeo-5.4.1-pyhd8ed1ab_0.conda
https://conda.anaconda.org/conda-forge/noarch/s3fs-2024.12.0-pyhd8ed1ab_0.conda
https://conda.anaconda.org/conda-forge/noarch/seaborn-0.13.2-hd8ed1ab_3.conda
https://conda.anaconda.org/conda-forge/noarch/geoviews-core-1.14.0-pyha770c72_0.conda
https://conda.anaconda.org/conda-forge/noarch/google-cloud-core-2.4.1-pyhd8ed1ab_1.conda
https://conda.anaconda.org/conda-forge/noarch/hvplot-0.11.2-pyhd8ed1ab_0.conda
https://conda.anaconda.org/conda-forge/noarch/jupyter_server-2.14.2-pyhd8ed1ab_0.conda
https://conda.anaconda.org/conda-forge/linux-64/libarrow-substrait-18.1.0-h08228c5_7_cpu.conda
https://conda.anaconda.org/conda-forge/noarch/xarray-spatial-0.4.0-pyhd8ed1ab_1.conda
https://conda.anaconda.org/conda-forge/noarch/geoviews-1.14.0-hd8ed1ab_0.conda
https://conda.anaconda.org/conda-forge/noarch/google-cloud-storage-2.19.0-pyhd8ed1ab_0.conda
https://conda.anaconda.org/conda-forge/noarch/jupyter-lsp-2.2.5-pyhd8ed1ab_0.conda
https://conda.anaconda.org/conda-forge/noarch/jupyter-offlinenotebook-0.3.1-pyhd8ed1ab_0.conda
https://conda.anaconda.org/conda-forge/noarch/jupyter-resource-usage-1.1.0-pyhd8ed1ab_0.conda
https://conda.anaconda.org/conda-forge/noarch/jupyter-server-proxy-4.4.0-pyhd8ed1ab_1.conda
https://conda.anaconda.org/conda-forge/noarch/jupyterlab_server-2.27.3-pyhd8ed1ab_0.conda
https://conda.anaconda.org/conda-forge/noarch/notebook-shim-0.2.4-pyhd8ed1ab_0.conda
https://conda.anaconda.org/conda-forge/linux-64/pyarrow-18.1.0-py312h7900ff3_0.conda
https://conda.anaconda.org/conda-forge/noarch/dask-expr-1.1.21-pyhd8ed1ab_0.conda
https://conda.anaconda.org/conda-forge/noarch/gcsfs-2024.12.0-pyhd8ed1ab_0.conda
https://conda.anaconda.org/conda-forge/noarch/jupyterlab-4.2.5-pyhd8ed1ab_0.conda
https://conda.anaconda.org/conda-forge/noarch/dask-2024.12.1-pyhd8ed1ab_0.conda
https://conda.anaconda.org/conda-forge/noarch/dask-labextension-7.0.0-pyhd8ed1ab_1.conda
https://conda.anaconda.org/conda-forge/noarch/jupyterhub-singleuser-5.1.0-pyh31011fe_0.conda
https://conda.anaconda.org/conda-forge/noarch/notebook-7.2.2-pyhd8ed1ab_0.conda
https://conda.anaconda.org/conda-forge/noarch/nbgitpuller-1.2.1-pyhd8ed1ab_1.conda
